
Microsoft Visual Studio Solution File, Format Version 12.00
# Visual Studio 14
VisualStudioVersion = 14.0.23107.0
MinimumVisualStudioVersion = 10.0.40219.1
Project("{FAE04EC0-301F-11D3-BF4B-00C04F79EFBC}") = "PSO2H", "PSO2H.csproj", "{9D682FD9-BB27-497A-9590-A29B99139E19}"
EndProject
Project("{FAE04EC0-301F-11D3-BF4B-00C04F79EFBC}") = "PSO2H.Test", "..\PSO2H.Test\PSO2H.Test.csproj", "{03715EB4-A306-4189-9EA6-5EC52F392A16}"
EndProject
Global
	GlobalSection(SolutionConfigurationPlatforms) = preSolution
		Debug|Any CPU = Debug|Any CPU
		Release|Any CPU = Release|Any CPU
	EndGlobalSection
	GlobalSection(ProjectConfigurationPlatforms) = postSolution
		{9D682FD9-BB27-497A-9590-A29B99139E19}.Debug|Any CPU.ActiveCfg = Debug|Any CPU
		{9D682FD9-BB27-497A-9590-A29B99139E19}.Debug|Any CPU.Build.0 = Debug|Any CPU
		{9D682FD9-BB27-497A-9590-A29B99139E19}.Release|Any CPU.ActiveCfg = Release|Any CPU
		{9D682FD9-BB27-497A-9590-A29B99139E19}.Release|Any CPU.Build.0 = Release|Any CPU
		{03715EB4-A306-4189-9EA6-5EC52F392A16}.Debug|Any CPU.ActiveCfg = Debug|Any CPU
		{03715EB4-A306-4189-9EA6-5EC52F392A16}.Debug|Any CPU.Build.0 = Debug|Any CPU
		{03715EB4-A306-4189-9EA6-5EC52F392A16}.Release|Any CPU.ActiveCfg = Release|Any CPU
		{03715EB4-A306-4189-9EA6-5EC52F392A16}.Release|Any CPU.Build.0 = Release|Any CPU
	EndGlobalSection
	GlobalSection(SolutionProperties) = preSolution
		HideSolutionNode = FALSE
	EndGlobalSection
EndGlobal
